PODS:
  - Alamofire (4.5.1)
  - AlamofireObjectMapper (5.0.0):
    - Alamofire (~> 4.1)
    - ObjectMapper (~> 3.0)
  - ObjectMapper (3.1.0)
  - RPAgentSwiftXCTest (1.10):
    - Alamofire (~> 4.5.1)
    - AlamofireObjectMapper (~> 5.0.0)

DEPENDENCIES:
  - RPAgentSwiftXCTest

SPEC CHECKSUMS:
  Alamofire: 2d95912bf4c34f164fdfc335872e8c312acaea4a
  AlamofireObjectMapper: 5fafc816351cbbc0d486611aaeba7461c0cbad49
  ObjectMapper: 20505058f54e5c3ca69e1d6de9897d152a5369a6
  RPAgentSwiftXCTest: 620b7d821a471e8c4df9a554c764fa585903b3ba

PODFILE CHECKSUM: 33106e31ee923fbe1dc44ee2fc3932c83fd33df6

COCOAPODS: 1.4.0.beta.2
