// !$*UTF8*$!
{
	archiveVersion = 1;
	classes = {
	};
	objectVersion = 48;
	objects = {

/* Begin PBXBuildFile section */
		36C768091FE2BE1D00DD93A9 /* APIService.swift in Sources */ = {isa = PBXBuildFile; fileRef = 36C768061FE2BE1D00DD93A9 /* APIService.swift */; };
		36C7680A1FE2BE1D00DD93A9 /* ResponseObjects.swift in Sources */ = {isa = PBXBuildFile; fileRef = 36C768071FE2BE1D00DD93A9 /* ResponseObjects.swift */; };
		36C7680B1FE2BE1D00DD93A9 /* EndPoints.swift in Sources */ = {isa = PBXBuildFile; fileRef = 36C768081FE2BE1D00DD93A9 /* EndPoints.swift */; };
		36C768111FE2BE4900DD93A9 /* Container.swift in Sources */ = {isa = PBXBuildFile; fileRef = 36C7680D1FE2BE4900DD93A9 /* Container.swift */; };
		36C768121FE2BE4900DD93A9 /* OxaRandom.swift in Sources */ = {isa = PBXBuildFile; fileRef = 36C7680E1FE2BE4900DD93A9 /* OxaRandom.swift */; };
		36C768131FE2BE4900DD93A9 /* Constants.swift in Sources */ = {isa = PBXBuildFile; fileRef = 36C7680F1FE2BE4900DD93A9 /* Constants.swift */; };
		36C768191FE2BEBC00DD93A9 /* AccountPage.swift in Sources */ = {isa = PBXBuildFile; fileRef = 36C768161FE2BEBC00DD93A9 /* AccountPage.swift */; };
		36C7681A1FE2BEBC00DD93A9 /* NavigationBar.swift in Sources */ = {isa = PBXBuildFile; fileRef = 36C768171FE2BEBC00DD93A9 /* NavigationBar.swift */; };
		36C7681B1FE2BEBC00DD93A9 /* Page.swift in Sources */ = {isa = PBXBuildFile; fileRef = 36C768181FE2BEBC00DD93A9 /* Page.swift */; };
		36C768201FE2BF0B00DD93A9 /* BaseTest.swift in Sources */ = {isa = PBXBuildFile; fileRef = 36C7681D1FE2BF0B00DD93A9 /* BaseTest.swift */; };
		36C768211FE2BF0B00DD93A9 /* SimpleProjectUITests.swift in Sources */ = {isa = PBXBuildFile; fileRef = 36C7681E1FE2BF0B00DD93A9 /* SimpleProjectUITests.swift */; };
		36C768221FE2BF0B00DD93A9 /* TestData.swift in Sources */ = {isa = PBXBuildFile; fileRef = 36C7681F1FE2BF0B00DD93A9 /* TestData.swift */; };
		36C768241FE2C08900DD93A9 /* main.swift in Sources */ = {isa = PBXBuildFile; fileRef = 36C768231FE2C08900DD93A9 /* main.swift */; };
		6B0D1C6E1FBC9CCD00D9C1DD /* AppDelegate.swift in Sources */ = {isa = PBXBuildFile; fileRef = 6B0D1C6D1FBC9CCD00D9C1DD /* AppDelegate.swift */; };
		6B0D1C701FBC9CCD00D9C1DD /* ViewController.swift in Sources */ = {isa = PBXBuildFile; fileRef = 6B0D1C6F1FBC9CCD00D9C1DD /* ViewController.swift */; };
		6B0D1C731FBC9CCE00D9C1DD /* Main.storyboard in Resources */ = {isa = PBXBuildFile; fileRef = 6B0D1C711FBC9CCE00D9C1DD /* Main.storyboard */; };
		6B0D1C751FBC9CCE00D9C1DD /* Assets.xcassets in Resources */ = {isa = PBXBuildFile; fileRef = 6B0D1C741FBC9CCE00D9C1DD /* Assets.xcassets */; };
		6B0D1C781FBC9CCE00D9C1DD /* LaunchScreen.storyboard in Resources */ = {isa = PBXBuildFile; fileRef = 6B0D1C761FBC9CCE00D9C1DD /* LaunchScreen.storyboard */; };
		6B0D1C831FBC9CCE00D9C1DD /* SimpleProjectTests.swift in Sources */ = {isa = PBXBuildFile; fileRef = 6B0D1C821FBC9CCE00D9C1DD /* SimpleProjectTests.swift */; };
		CB45EB13E508C60A5981F1FE /* Pods_SimpleProjectUITests.framework in Frameworks */ = {isa = PBXBuildFile; fileRef = A6A1FFD5CA1592B76CB9B507 /* Pods_SimpleProjectUITests.framework */; };
/* End PBXBuildFile section */

/* Begin PBXContainerItemProxy section */
		6B0D1C7F1FBC9CCE00D9C1DD /* PBXContainerItemProxy */ = {
			isa = PBXContainerItemProxy;
			containerPortal = 6B0D1C621FBC9CCD00D9C1DD /* Project object */;
			proxyType = 1;
			remoteGlobalIDString = 6B0D1C691FBC9CCD00D9C1DD;
			remoteInfo = SimpleProject;
		};
		6B0D1C8A1FBC9CCE00D9C1DD /* PBXContainerItemProxy */ = {
			isa = PBXContainerItemProxy;
			containerPortal = 6B0D1C621FBC9CCD00D9C1DD /* Project object */;
			proxyType = 1;
			remoteGlobalIDString = 6B0D1C691FBC9CCD00D9C1DD;
			remoteInfo = SimpleProject;
		};
/* End PBXContainerItemProxy section */

/* Begin PBXFileReference section */
		1808C6E4A9EA7388E812E57A /* Pods-SimpleProjectUITests.release.xcconfig */ = {isa = PBXFileReference; includeInIndex = 1; lastKnownFileType = text.xcconfig; name = "Pods-SimpleProjectUITests.release.xcconfig"; path = "Pods/Target Support Files/Pods-SimpleProjectUITests/Pods-SimpleProjectUITests.release.xcconfig"; sourceTree = "<group>"; };
		26B495EFCE1AFC5033BA0D6F /* Pods_SimpleProject.framework */ = {isa = PBXFileReference; explicitFileType = wrapper.framework; includeInIndex = 0; path = Pods_SimpleProject.framework; sourceTree = BUILT_PRODUCTS_DIR; };
		36C768061FE2BE1D00DD93A9 /* APIService.swift */ = {isa = PBXFileReference; fileEncoding = 4; lastKnownFileType = sourcecode.swift; path = APIService.swift; sourceTree = "<group>"; };
		36C768071FE2BE1D00DD93A9 /* ResponseObjects.swift */ = {isa = PBXFileReference; fileEncoding = 4; lastKnownFileType = sourcecode.swift; path = ResponseObjects.swift; sourceTree = "<group>"; };
		36C768081FE2BE1D00DD93A9 /* EndPoints.swift */ = {isa = PBXFileReference; fileEncoding = 4; lastKnownFileType = sourcecode.swift; path = EndPoints.swift; sourceTree = "<group>"; };
		36C7680D1FE2BE4900DD93A9 /* Container.swift */ = {isa = PBXFileReference; fileEncoding = 4; lastKnownFileType = sourcecode.swift; path = Container.swift; sourceTree = "<group>"; };
		36C7680E1FE2BE4900DD93A9 /* OxaRandom.swift */ = {isa = PBXFileReference; fileEncoding = 4; lastKnownFileType = sourcecode.swift; path = OxaRandom.swift; sourceTree = "<group>"; };
		36C7680F1FE2BE4900DD93A9 /* Constants.swift */ = {isa = PBXFileReference; fileEncoding = 4; lastKnownFileType = sourcecode.swift; path = Constants.swift; sourceTree = "<group>"; };
		36C768161FE2BEBC00DD93A9 /* AccountPage.swift */ = {isa = PBXFileReference; fileEncoding = 4; lastKnownFileType = sourcecode.swift; name = AccountPage.swift; path = SimpleProjectUITests/Pages/AccountPage.swift; sourceTree = SOURCE_ROOT; };
		36C768171FE2BEBC00DD93A9 /* NavigationBar.swift */ = {isa = PBXFileReference; fileEncoding = 4; lastKnownFileType = sourcecode.swift; name = NavigationBar.swift; path = SimpleProjectUITests/Pages/NavigationBar.swift; sourceTree = SOURCE_ROOT; };
		36C768181FE2BEBC00DD93A9 /* Page.swift */ = {isa = PBXFileReference; fileEncoding = 4; lastKnownFileType = sourcecode.swift; path = Page.swift; sourceTree = "<group>"; };
		36C7681D1FE2BF0B00DD93A9 /* BaseTest.swift */ = {isa = PBXFileReference; fileEncoding = 4; lastKnownFileType = sourcecode.swift; name = BaseTest.swift; path = SimpleProjectUITests/Tests/BaseTest.swift; sourceTree = SOURCE_ROOT; };
		36C7681E1FE2BF0B00DD93A9 /* SimpleProjectUITests.swift */ = {isa = PBXFileReference; fileEncoding = 4; lastKnownFileType = sourcecode.swift; name = SimpleProjectUITests.swift; path = SimpleProjectUITests/Tests/SimpleProjectUITests.swift; sourceTree = SOURCE_ROOT; };
		36C7681F1FE2BF0B00DD93A9 /* TestData.swift */ = {isa = PBXFileReference; fileEncoding = 4; lastKnownFileType = sourcecode.swift; name = TestData.swift; path = SimpleProjectUITests/Tests/TestData.swift; sourceTree = SOURCE_ROOT; };
		36C768231FE2C08900DD93A9 /* main.swift */ = {isa = PBXFileReference; fileEncoding = 4; lastKnownFileType = sourcecode.swift; path = main.swift; sourceTree = "<group>"; };
		6B0D1C6A1FBC9CCD00D9C1DD /* SimpleProject.app */ = {isa = PBXFileReference; explicitFileType = wrapper.application; includeInIndex = 0; path = SimpleProject.app; sourceTree = BUILT_PRODUCTS_DIR; };
		6B0D1C6D1FBC9CCD00D9C1DD /* AppDelegate.swift */ = {isa = PBXFileReference; lastKnownFileType = sourcecode.swift; path = AppDelegate.swift; sourceTree = "<group>"; };
		6B0D1C6F1FBC9CCD00D9C1DD /* ViewController.swift */ = {isa = PBXFileReference; lastKnownFileType = sourcecode.swift; path = ViewController.swift; sourceTree = "<group>"; };
		6B0D1C721FBC9CCE00D9C1DD /* Base */ = {isa = PBXFileReference; lastKnownFileType = file.storyboard; name = Base; path = Base.lproj/Main.storyboard; sourceTree = "<group>"; };
		6B0D1C741FBC9CCE00D9C1DD /* Assets.xcassets */ = {isa = PBXFileReference; lastKnownFileType = folder.assetcatalog; path = Assets.xcassets; sourceTree = "<group>"; };
		6B0D1C771FBC9CCE00D9C1DD /* Base */ = {isa = PBXFileReference; lastKnownFileType = file.storyboard; name = Base; path = Base.lproj/LaunchScreen.storyboard; sourceTree = "<group>"; };
		6B0D1C791FBC9CCE00D9C1DD /* Info.plist */ = {isa = PBXFileReference; lastKnownFileType = text.plist.xml; path = Info.plist; sourceTree = "<group>"; };
		6B0D1C7E1FBC9CCE00D9C1DD /* SimpleProjectTests.xctest */ = {isa = PBXFileReference; explicitFileType = wrapper.cfbundle; includeInIndex = 0; path = SimpleProjectTests.xctest; sourceTree = BUILT_PRODUCTS_DIR; };
		6B0D1C821FBC9CCE00D9C1DD /* SimpleProjectTests.swift */ = {isa = PBXFileReference; lastKnownFileType = sourcecode.swift; path = SimpleProjectTests.swift; sourceTree = "<group>"; };
		6B0D1C841FBC9CCE00D9C1DD /* Info.plist */ = {isa = PBXFileReference; lastKnownFileType = text.plist.xml; path = Info.plist; sourceTree = "<group>"; };
		6B0D1C891FBC9CCE00D9C1DD /* SimpleProjectUITests.xctest */ = {isa = PBXFileReference; explicitFileType = wrapper.cfbundle; includeInIndex = 0; path = SimpleProjectUITests.xctest; sourceTree = BUILT_PRODUCTS_DIR; };
		6B0D1C8F1FBC9CCE00D9C1DD /* Info.plist */ = {isa = PBXFileReference; lastKnownFileType = text.plist.xml; path = Info.plist; sourceTree = "<group>"; };
		A6A1FFD5CA1592B76CB9B507 /* Pods_SimpleProjectUITests.framework */ = {isa = PBXFileReference; explicitFileType = wrapper.framework; includeInIndex = 0; path = Pods_SimpleProjectUITests.framework; sourceTree = BUILT_PRODUCTS_DIR; };
		A97BAABFB1A73A88408483C7 /* Pods-SimpleProjectUITests.debug.xcconfig */ = {isa = PBXFileReference; includeInIndex = 1; lastKnownFileType = text.xcconfig; name = "Pods-SimpleProjectUITests.debug.xcconfig"; path = "Pods/Target Support Files/Pods-SimpleProjectUITests/Pods-SimpleProjectUITests.debug.xcconfig"; sourceTree = "<group>"; };
/* End PBXFileReference section */

/* Begin PBXFrameworksBuildPhase section */
		6B0D1C671FBC9CCD00D9C1DD /* Frameworks */ = {
			isa = PBXFrameworksBuildPhase;
			buildActionMask = 2147483647;
			files = (
			);
			runOnlyForDeploymentPostprocessing = 0;
		};
		6B0D1C7B1FBC9CCE00D9C1DD /* Frameworks */ = {
			isa = PBXFrameworksBuildPhase;
			buildActionMask = 2147483647;
			files = (
			);
			runOnlyForDeploymentPostprocessing = 0;
		};
		6B0D1C861FBC9CCE00D9C1DD /* Frameworks */ = {
			isa = PBXFrameworksBuildPhase;
			buildActionMask = 2147483647;
			files = (
				CB45EB13E508C60A5981F1FE /* Pods_SimpleProjectUITests.framework in Frameworks */,
			);
			runOnlyForDeploymentPostprocessing = 0;
		};
/* End PBXFrameworksBuildPhase section */

/* Begin PBXGroup section */
		05D03E10E5DA0EE5D4228791 /* Frameworks */ = {
			isa = PBXGroup;
			children = (
				26B495EFCE1AFC5033BA0D6F /* Pods_SimpleProject.framework */,
				A6A1FFD5CA1592B76CB9B507 /* Pods_SimpleProjectUITests.framework */,
			);
			name = Frameworks;
			sourceTree = "<group>";
		};
		36C768051FE2BD6C00DD93A9 /* APIService */ = {
			isa = PBXGroup;
			children = (
				36C768061FE2BE1D00DD93A9 /* APIService.swift */,
				36C768081FE2BE1D00DD93A9 /* EndPoints.swift */,
				36C768071FE2BE1D00DD93A9 /* ResponseObjects.swift */,
			);
			path = APIService;
			sourceTree = "<group>";
		};
		36C7680C1FE2BE3800DD93A9 /* Core */ = {
			isa = PBXGroup;
			children = (
				36C7680F1FE2BE4900DD93A9 /* Constants.swift */,
				36C7680D1FE2BE4900DD93A9 /* Container.swift */,
				36C7680E1FE2BE4900DD93A9 /* OxaRandom.swift */,
			);
			path = Core;
			sourceTree = "<group>";
		};
		36C768151FE2BEA500DD93A9 /* Pages */ = {
			isa = PBXGroup;
			children = (
				36C768161FE2BEBC00DD93A9 /* AccountPage.swift */,
				36C768171FE2BEBC00DD93A9 /* NavigationBar.swift */,
				36C768181FE2BEBC00DD93A9 /* Page.swift */,
			);
			path = Pages;
			sourceTree = "<group>";
		};
		36C7681C1FE2BEF400DD93A9 /* Tests */ = {
			isa = PBXGroup;
			children = (
				36C7681D1FE2BF0B00DD93A9 /* BaseTest.swift */,
				36C7681E1FE2BF0B00DD93A9 /* SimpleProjectUITests.swift */,
				36C7681F1FE2BF0B00DD93A9 /* TestData.swift */,
			);
			path = Tests;
			sourceTree = "<group>";
		};
		6B0D1C611FBC9CCD00D9C1DD = {
			isa = PBXGroup;
			children = (
				6B0D1C6C1FBC9CCD00D9C1DD /* SimpleProject */,
				6B0D1C811FBC9CCE00D9C1DD /* SimpleProjectTests */,
				6B0D1C8C1FBC9CCE00D9C1DD /* SimpleProjectUITests */,
				6B0D1C6B1FBC9CCD00D9C1DD /* Products */,
				91F8A039AB7718D7068F4916 /* Pods */,
				05D03E10E5DA0EE5D4228791 /* Frameworks */,
			);
			sourceTree = "<group>";
		};
		6B0D1C6B1FBC9CCD00D9C1DD /* Products */ = {
			isa = PBXGroup;
			children = (
				6B0D1C6A1FBC9CCD00D9C1DD /* SimpleProject.app */,
				6B0D1C7E1FBC9CCE00D9C1DD /* SimpleProjectTests.xctest */,
				6B0D1C891FBC9CCE00D9C1DD /* SimpleProjectUITests.xctest */,
			);
			name = Products;
			sourceTree = "<group>";
		};
		6B0D1C6C1FBC9CCD00D9C1DD /* SimpleProject */ = {
			isa = PBXGroup;
			children = (
				36C768231FE2C08900DD93A9 /* main.swift */,
				6B0D1C6D1FBC9CCD00D9C1DD /* AppDelegate.swift */,
				6B0D1C6F1FBC9CCD00D9C1DD /* ViewController.swift */,
				6B0D1C711FBC9CCE00D9C1DD /* Main.storyboard */,
				6B0D1C741FBC9CCE00D9C1DD /* Assets.xcassets */,
				6B0D1C761FBC9CCE00D9C1DD /* LaunchScreen.storyboard */,
				6B0D1C791FBC9CCE00D9C1DD /* Info.plist */,
			);
			path = SimpleProject;
			sourceTree = "<group>";
		};
		6B0D1C811FBC9CCE00D9C1DD /* SimpleProjectTests */ = {
			isa = PBXGroup;
			children = (
				6B0D1C821FBC9CCE00D9C1DD /* SimpleProjectTests.swift */,
				6B0D1C841FBC9CCE00D9C1DD /* Info.plist */,
			);
			path = SimpleProjectTests;
			sourceTree = "<group>";
		};
		6B0D1C8C1FBC9CCE00D9C1DD /* SimpleProjectUITests */ = {
			isa = PBXGroup;
			children = (
				36C7681C1FE2BEF400DD93A9 /* Tests */,
				36C768151FE2BEA500DD93A9 /* Pages */,
				36C7680C1FE2BE3800DD93A9 /* Core */,
				36C768051FE2BD6C00DD93A9 /* APIService */,
				6B0D1C8F1FBC9CCE00D9C1DD /* Info.plist */,
			);
			path = SimpleProjectUITests;
			sourceTree = "<group>";
		};
		91F8A039AB7718D7068F4916 /* Pods */ = {
			isa = PBXGroup;
			children = (
				A97BAABFB1A73A88408483C7 /* Pods-SimpleProjectUITests.debug.xcconfig */,
				1808C6E4A9EA7388E812E57A /* Pods-SimpleProjectUITests.release.xcconfig */,
			);
			name = Pods;
			sourceTree = "<group>";
		};
/* End PBXGroup section */

/* Begin PBXNativeTarget section */
		6B0D1C691FBC9CCD00D9C1DD /* SimpleProject */ = {
			isa = PBXNativeTarget;
			buildConfigurationList = 6B0D1C921FBC9CCE00D9C1DD /* Build configuration list for PBXNativeTarget "SimpleProject" */;
			buildPhases = (
				6B0D1C661FBC9CCD00D9C1DD /* Sources */,
				6B0D1C671FBC9CCD00D9C1DD /* Frameworks */,
				6B0D1C681FBC9CCD00D9C1DD /* Resources */,
			);
			buildRules = (
			);
			dependencies = (
			);
			name = SimpleProject;
			productName = SimpleProject;
			productReference = 6B0D1C6A1FBC9CCD00D9C1DD /* SimpleProject.app */;
			productType = "com.apple.product-type.application";
		};
		6B0D1C7D1FBC9CCE00D9C1DD /* SimpleProjectTests */ = {
			isa = PBXNativeTarget;
			buildConfigurationList = 6B0D1C951FBC9CCE00D9C1DD /* Build configuration list for PBXNativeTarget "SimpleProjectTests" */;
			buildPhases = (
				6B0D1C7A1FBC9CCE00D9C1DD /* Sources */,
				6B0D1C7B1FBC9CCE00D9C1DD /* Frameworks */,
				6B0D1C7C1FBC9CCE00D9C1DD /* Resources */,
			);
			buildRules = (
			);
			dependencies = (
				6B0D1C801FBC9CCE00D9C1DD /* PBXTargetDependency */,
			);
			name = SimpleProjectTests;
			productName = SimpleProjectTests;
			productReference = 6B0D1C7E1FBC9CCE00D9C1DD /* SimpleProjectTests.xctest */;
			productType = "com.apple.product-type.bundle.unit-test";
		};
		6B0D1C881FBC9CCE00D9C1DD /* SimpleProjectUITests */ = {
			isa = PBXNativeTarget;
			buildConfigurationList = 6B0D1C981FBC9CCE00D9C1DD /* Build configuration list for PBXNativeTarget "SimpleProjectUITests" */;
			buildPhases = (
				8B25F9127E0F221F48DFE4CB /* [CP] Check Pods Manifest.lock */,
				6B0D1C851FBC9CCE00D9C1DD /* Sources */,
				6B0D1C861FBC9CCE00D9C1DD /* Frameworks */,
				6B0D1C871FBC9CCE00D9C1DD /* Resources */,
				1926DAA600AA1BADD30D3EB1 /* [CP] Embed Pods Frameworks */,
				039FB4C3D0014DF3756FB424 /* [CP] Copy Pods Resources */,
			);
			buildRules = (
			);
			dependencies = (
				6B0D1C8B1FBC9CCE00D9C1DD /* PBXTargetDependency */,
			);
			name = SimpleProjectUITests;
			productName = SimpleProjectUITests;
			productReference = 6B0D1C891FBC9CCE00D9C1DD /* SimpleProjectUITests.xctest */;
			productType = "com.apple.product-type.bundle.ui-testing";
		};
/* End PBXNativeTarget section */

/* Begin PBXProject section */
		6B0D1C621FBC9CCD00D9C1DD /* Project object */ = {
			isa = PBXProject;
			attributes = {
				LastSwiftUpdateCheck = 0910;
				LastUpgradeCheck = 0910;
				ORGANIZATIONNAME = Gaia;
				TargetAttributes = {
					6B0D1C691FBC9CCD00D9C1DD = {
						CreatedOnToolsVersion = 9.1;
						ProvisioningStyle = Automatic;
					};
					6B0D1C7D1FBC9CCE00D9C1DD = {
						CreatedOnToolsVersion = 9.1;
						ProvisioningStyle = Automatic;
						TestTargetID = 6B0D1C691FBC9CCD00D9C1DD;
					};
					6B0D1C881FBC9CCE00D9C1DD = {
						CreatedOnToolsVersion = 9.1;
						LastSwiftMigration = 0920;
						ProvisioningStyle = Automatic;
						TestTargetID = 6B0D1C691FBC9CCD00D9C1DD;
					};
				};
			};
			buildConfigurationList = 6B0D1C651FBC9CCD00D9C1DD /* Build configuration list for PBXProject "SimpleProject" */;
			compatibilityVersion = "Xcode 8.0";
			developmentRegion = en;
			hasScannedForEncodings = 0;
			knownRegions = (
				en,
				Base,
			);
			mainGroup = 6B0D1C611FBC9CCD00D9C1DD;
			productRefGroup = 6B0D1C6B1FBC9CCD00D9C1DD /* Products */;
			projectDirPath = "";
			projectRoot = "";
			targets = (
				6B0D1C691FBC9CCD00D9C1DD /* SimpleProject */,
				6B0D1C7D1FBC9CCE00D9C1DD /* SimpleProjectTests */,
				6B0D1C881FBC9CCE00D9C1DD /* SimpleProjectUITests */,
			);
		};
/* End PBXProject section */

/* Begin PBXResourcesBuildPhase section */
		6B0D1C681FBC9CCD00D9C1DD /* Resources */ = {
			isa = PBXResourcesBuildPhase;
			buildActionMask = 2147483647;
			files = (
				6B0D1C781FBC9CCE00D9C1DD /* LaunchScreen.storyboard in Resources */,
				6B0D1C751FBC9CCE00D9C1DD /* Assets.xcassets in Resources */,
				6B0D1C731FBC9CCE00D9C1DD /* Main.storyboard in Resources */,
			);
			runOnlyForDeploymentPostprocessing = 0;
		};
		6B0D1C7C1FBC9CCE00D9C1DD /* Resources */ = {
			isa = PBXResourcesBuildPhase;
			buildActionMask = 2147483647;
			files = (
			);
			runOnlyForDeploymentPostprocessing = 0;
		};
		6B0D1C871FBC9CCE00D9C1DD /* Resources */ = {
			isa = PBXResourcesBuildPhase;
			buildActionMask = 2147483647;
			files = (
			);
			runOnlyForDeploymentPostprocessing = 0;
		};
/* End PBXResourcesBuildPhase section */

/* Begin PBXShellScriptBuildPhase section */
		039FB4C3D0014DF3756FB424 /* [CP] Copy Pods Resources */ = {
			isa = PBXShellScriptBuildPhase;
			buildActionMask = 2147483647;
			files = (
			);
			inputPaths = (
			);
			name = "[CP] Copy Pods Resources";
			outputPaths = (
			);
			runOnlyForDeploymentPostprocessing = 0;
			shellPath = /bin/sh;
			shellScript = "\"${SRCROOT}/Pods/Target Support Files/Pods-SimpleProjectUITests/Pods-SimpleProjectUITests-resources.sh\"\n";
			showEnvVarsInLog = 0;
		};
		1926DAA600AA1BADD30D3EB1 /* [CP] Embed Pods Frameworks */ = {
			isa = PBXShellScriptBuildPhase;
			buildActionMask = 2147483647;
			files = (
			);
			inputPaths = (
				"${SRCROOT}/Pods/Target Support Files/Pods-SimpleProjectUITests/Pods-SimpleProjectUITests-frameworks.sh",
				"${BUILT_PRODUCTS_DIR}/Alamofire/Alamofire.framework",
				"${BUILT_PRODUCTS_DIR}/AlamofireObjectMapper/AlamofireObjectMapper.framework",
				"${BUILT_PRODUCTS_DIR}/ObjectMapper/ObjectMapper.framework",
				"${BUILT_PRODUCTS_DIR}/RPAgentSwiftXCTest/RPAgentSwiftXCTest.framework",
			);
			name = "[CP] Embed Pods Frameworks";
			outputPaths = (
				"${TARGET_BUILD_DIR}/${FRAMEWORKS_FOLDER_PATH}/Alamofire.framework",
				"${TARGET_BUILD_DIR}/${FRAMEWORKS_FOLDER_PATH}/AlamofireObjectMapper.framework",
				"${TARGET_BUILD_DIR}/${FRAMEWORKS_FOLDER_PATH}/ObjectMapper.framework",
				"${TARGET_BUILD_DIR}/${FRAMEWORKS_FOLDER_PATH}/RPAgentSwiftXCTest.framework",
			);
			runOnlyForDeploymentPostprocessing = 0;
			shellPath = /bin/sh;
			shellScript = "\"${SRCROOT}/Pods/Target Support Files/Pods-SimpleProjectUITests/Pods-SimpleProjectUITests-frameworks.sh\"\n";
			showEnvVarsInLog = 0;
		};
		8B25F9127E0F221F48DFE4CB /* [CP] Check Pods Manifest.lock */ = {
			isa = PBXShellScriptBuildPhase;
			buildActionMask = 2147483647;
			files = (
			);
			inputPaths = (
				"${PODS_PODFILE_DIR_PATH}/Podfile.lock",
				"${PODS_ROOT}/Manifest.lock",
			);
			name = "[CP] Check Pods Manifest.lock";
			outputPaths = (
				"$(DERIVED_FILE_DIR)/Pods-SimpleProjectUITests-checkManifestLockResult.txt",
			);
			runOnlyForDeploymentPostprocessing = 0;
			shellPath = /bin/sh;
			shellScript = "diff \"${PODS_PODFILE_DIR_PATH}/Podfile.lock\" \"${PODS_ROOT}/Manifest.lock\" > /dev/null\nif [ $? != 0 ] ; then\n    # print error to STDERR\n    echo \"error: The sandbox is not in sync with the Podfile.lock. Run 'pod install' or update your CocoaPods installation.\" >&2\n    exit 1\nfi\n# This output is used by Xcode 'outputs' to avoid re-running this script phase.\necho \"SUCCESS\" > \"${SCRIPT_OUTPUT_FILE_0}\"\n";
			showEnvVarsInLog = 0;
		};
/* End PBXShellScriptBuildPhase section */

/* Begin PBXSourcesBuildPhase section */
		6B0D1C661FBC9CCD00D9C1DD /* Sources */ = {
			isa = PBXSourcesBuildPhase;
			buildActionMask = 2147483647;
			files = (
				6B0D1C701FBC9CCD00D9C1DD /* ViewController.swift in Sources */,
				6B0D1C6E1FBC9CCD00D9C1DD /* AppDelegate.swift in Sources */,
				36C768241FE2C08900DD93A9 /* main.swift in Sources */,
			);
			runOnlyForDeploymentPostprocessing = 0;
		};
		6B0D1C7A1FBC9CCE00D9C1DD /* Sources */ = {
			isa = PBXSourcesBuildPhase;
			buildActionMask = 2147483647;
			files = (
				6B0D1C831FBC9CCE00D9C1DD /* SimpleProjectTests.swift in Sources */,
			);
			runOnlyForDeploymentPostprocessing = 0;
		};
		6B0D1C851FBC9CCE00D9C1DD /* Sources */ = {
			isa = PBXSourcesBuildPhase;
			buildActionMask = 2147483647;
			files = (
				36C768201FE2BF0B00DD93A9 /* BaseTest.swift in Sources */,
				36C768091FE2BE1D00DD93A9 /* APIService.swift in Sources */,
				36C768111FE2BE4900DD93A9 /* Container.swift in Sources */,
				36C768221FE2BF0B00DD93A9 /* TestData.swift in Sources */,
				36C768191FE2BEBC00DD93A9 /* AccountPage.swift in Sources */,
				36C768211FE2BF0B00DD93A9 /* SimpleProjectUITests.swift in Sources */,
				36C7681A1FE2BEBC00DD93A9 /* NavigationBar.swift in Sources */,
				36C768121FE2BE4900DD93A9 /* OxaRandom.swift in Sources */,
				36C7681B1FE2BEBC00DD93A9 /* Page.swift in Sources */,
				36C7680B1FE2BE1D00DD93A9 /* EndPoints.swift in Sources */,
				36C7680A1FE2BE1D00DD93A9 /* ResponseObjects.swift in Sources */,
				36C768131FE2BE4900DD93A9 /* Constants.swift in Sources */,
			);
			runOnlyForDeploymentPostprocessing = 0;
		};
/* End PBXSourcesBuildPhase section */

/* Begin PBXTargetDependency section */
		6B0D1C801FBC9CCE00D9C1DD /* PBXTargetDependency */ = {
			isa = PBXTargetDependency;
			target = 6B0D1C691FBC9CCD00D9C1DD /* SimpleProject */;
			targetProxy = 6B0D1C7F1FBC9CCE00D9C1DD /* PBXContainerItemProxy */;
		};
		6B0D1C8B1FBC9CCE00D9C1DD /* PBXTargetDependency */ = {
			isa = PBXTargetDependency;
			target = 6B0D1C691FBC9CCD00D9C1DD /* SimpleProject */;
			targetProxy = 6B0D1C8A1FBC9CCE00D9C1DD /* PBXContainerItemProxy */;
		};
/* End PBXTargetDependency section */

/* Begin PBXVariantGroup section */
		6B0D1C711FBC9CCE00D9C1DD /* Main.storyboard */ = {
			isa = PBXVariantGroup;
			children = (
				6B0D1C721FBC9CCE00D9C1DD /* Base */,
			);
			name = Main.storyboard;
			sourceTree = "<group>";
		};
		6B0D1C761FBC9CCE00D9C1DD /* LaunchScreen.storyboard */ = {
			isa = PBXVariantGroup;
			children = (
				6B0D1C771FBC9CCE00D9C1DD /* Base */,
			);
			name = LaunchScreen.storyboard;
			sourceTree = "<group>";
		};
/* End PBXVariantGroup section */

/* Begin XCBuildConfiguration section */
		6B0D1C901FBC9CCE00D9C1DD /* Debug */ = {
			isa = XCBuildConfiguration;
			buildSettings = {
				ALWAYS_SEARCH_USER_PATHS = NO;
				CLANG_ANALYZER_NONNULL = YES;
				CLANG_ANALYZER_NUMBER_OBJECT_CONVERSION = YES_AGGRESSIVE;
				CLANG_CXX_LANGUAGE_STANDARD = "gnu++14";
				CLANG_CXX_LIBRARY = "libc++";
				CLANG_ENABLE_MODULES = YES;
				CLANG_ENABLE_OBJC_ARC = YES;
				CLANG_WARN_BLOCK_CAPTURE_AUTORELEASING = YES;
				CLANG_WARN_BOOL_CONVERSION = YES;
				CLANG_WARN_COMMA = YES;
				CLANG_WARN_CONSTANT_CONVERSION = YES;
				CLANG_WARN_DIRECT_OBJC_ISA_USAGE = YES_ERROR;
				CLANG_WARN_DOCUMENTATION_COMMENTS = YES;
				CLANG_WARN_EMPTY_BODY = YES;
				CLANG_WARN_ENUM_CONVERSION = YES;
				CLANG_WARN_INFINITE_RECURSION = YES;
				CLANG_WARN_INT_CONVERSION = YES;
				CLANG_WARN_NON_LITERAL_NULL_CONVERSION = YES;
				CLANG_WARN_OBJC_LITERAL_CONVERSION = YES;
				CLANG_WARN_OBJC_ROOT_CLASS = YES_ERROR;
				CLANG_WARN_RANGE_LOOP_ANALYSIS = YES;
				CLANG_WARN_STRICT_PROTOTYPES = YES;
				CLANG_WARN_SUSPICIOUS_MOVE = YES;
				CLANG_WARN_UNGUARDED_AVAILABILITY = YES_AGGRESSIVE;
				CLANG_WARN_UNREACHABLE_CODE = YES;
				CLANG_WARN__DUPLICATE_METHOD_MATCH = YES;
				CODE_SIGN_IDENTITY = "iPhone Developer";
				COPY_PHASE_STRIP = NO;
				DEBUG_INFORMATION_FORMAT = dwarf;
				ENABLE_STRICT_OBJC_MSGSEND = YES;
				ENABLE_TESTABILITY = YES;
				GCC_C_LANGUAGE_STANDARD = gnu11;
				GCC_DYNAMIC_NO_PIC = NO;
				GCC_NO_COMMON_BLOCKS = YES;
				GCC_OPTIMIZATION_LEVEL = 0;
				GCC_PREPROCESSOR_DEFINITIONS = (
					"DEBUG=1",
					"$(inherited)",
				);
				GCC_WARN_64_TO_32_BIT_CONVERSION = YES;
				GCC_WARN_ABOUT_RETURN_TYPE = YES_ERROR;
				GCC_WARN_UNDECLARED_SELECTOR = YES;
				GCC_WARN_UNINITIALIZED_AUTOS = YES_AGGRESSIVE;
				GCC_WARN_UNUSED_FUNCTION = YES;
				GCC_WARN_UNUSED_VARIABLE = YES;
				IPHONEOS_DEPLOYMENT_TARGET = 11.1;
				MTL_ENABLE_DEBUG_INFO = YES;
				ONLY_ACTIVE_ARCH = YES;
				SDKROOT = iphoneos;
				SWIFT_ACTIVE_COMPILATION_CONDITIONS = DEBUG;
				SWIFT_OPTIMIZATION_LEVEL = "-Onone";
			};
			name = Debug;
		};
		6B0D1C911FBC9CCE00D9C1DD /* Release */ = {
			isa = XCBuildConfiguration;
			buildSettings = {
				ALWAYS_SEARCH_USER_PATHS = NO;
				CLANG_ANALYZER_NONNULL = YES;
				CLANG_ANALYZER_NUMBER_OBJECT_CONVERSION = YES_AGGRESSIVE;
				CLANG_CXX_LANGUAGE_STANDARD = "gnu++14";
				CLANG_CXX_LIBRARY = "libc++";
				CLANG_ENABLE_MODULES = YES;
				CLANG_ENABLE_OBJC_ARC = YES;
				CLANG_WARN_BLOCK_CAPTURE_AUTORELEASING = YES;
				CLANG_WARN_BOOL_CONVERSION = YES;
				CLANG_WARN_COMMA = YES;
				CLANG_WARN_CONSTANT_CONVERSION = YES;
				CLANG_WARN_DIRECT_OBJC_ISA_USAGE = YES_ERROR;
				CLANG_WARN_DOCUMENTATION_COMMENTS = YES;
				CLANG_WARN_EMPTY_BODY = YES;
				CLANG_WARN_ENUM_CONVERSION = YES;
				CLANG_WARN_INFINITE_RECURSION = YES;
				CLANG_WARN_INT_CONVERSION = YES;
				CLANG_WARN_NON_LITERAL_NULL_CONVERSION = YES;
				CLANG_WARN_OBJC_LITERAL_CONVERSION = YES;
				CLANG_WARN_OBJC_ROOT_CLASS = YES_ERROR;
				CLANG_WARN_RANGE_LOOP_ANALYSIS = YES;
				CLANG_WARN_STRICT_PROTOTYPES = YES;
				CLANG_WARN_SUSPICIOUS_MOVE = YES;
				CLANG_WARN_UNGUARDED_AVAILABILITY = YES_AGGRESSIVE;
				CLANG_WARN_UNREACHABLE_CODE = YES;
				CLANG_WARN__DUPLICATE_METHOD_MATCH = YES;
				CODE_SIGN_IDENTITY = "iPhone Developer";
				COPY_PHASE_STRIP = NO;
				DEBUG_INFORMATION_FORMAT = "dwarf-with-dsym";
				ENABLE_NS_ASSERTIONS = NO;
				ENABLE_STRICT_OBJC_MSGSEND = YES;
				GCC_C_LANGUAGE_STANDARD = gnu11;
				GCC_NO_COMMON_BLOCKS = YES;
				GCC_WARN_64_TO_32_BIT_CONVERSION = YES;
				GCC_WARN_ABOUT_RETURN_TYPE = YES_ERROR;
				GCC_WARN_UNDECLARED_SELECTOR = YES;
				GCC_WARN_UNINITIALIZED_AUTOS = YES_AGGRESSIVE;
				GCC_WARN_UNUSED_FUNCTION = YES;
				GCC_WARN_UNUSED_VARIABLE = YES;
				IPHONEOS_DEPLOYMENT_TARGET = 11.1;
				MTL_ENABLE_DEBUG_INFO = NO;
				SDKROOT = iphoneos;
				SWIFT_OPTIMIZATION_LEVEL = "-Owholemodule";
				VALIDATE_PRODUCT = YES;
			};
			name = Release;
		};
		6B0D1C931FBC9CCE00D9C1DD /* Debug */ = {
			isa = XCBuildConfiguration;
			buildSettings = {
				ASSETCATALOG_COMPILER_APPICON_NAME = AppIcon;
				CODE_SIGN_STYLE = Automatic;
				DEVELOPMENT_TEAM = THR6D6P7GG;
				INFOPLIST_FILE = SimpleProject/Info.plist;
				LD_RUNPATH_SEARCH_PATHS = "$(inherited) @executable_path/Frameworks";
				PRODUCT_BUNDLE_IDENTIFIER = com.gaia.SimpleProject;
				PRODUCT_NAME = "$(TARGET_NAME)";
				SWIFT_VERSION = 4.0;
				TARGETED_DEVICE_FAMILY = "1,2";
			};
			name = Debug;
		};
		6B0D1C941FBC9CCE00D9C1DD /* Release */ = {
			isa = XCBuildConfiguration;
			buildSettings = {
				ASSETCATALOG_COMPILER_APPICON_NAME = AppIcon;
				CODE_SIGN_STYLE = Automatic;
				DEVELOPMENT_TEAM = THR6D6P7GG;
				INFOPLIST_FILE = SimpleProject/Info.plist;
				LD_RUNPATH_SEARCH_PATHS = "$(inherited) @executable_path/Frameworks";
				PRODUCT_BUNDLE_IDENTIFIER = com.gaia.SimpleProject;
				PRODUCT_NAME = "$(TARGET_NAME)";
				SWIFT_VERSION = 4.0;
				TARGETED_DEVICE_FAMILY = "1,2";
			};
			name = Release;
		};
		6B0D1C961FBC9CCE00D9C1DD /* Debug */ = {
			isa = XCBuildConfiguration;
			buildSettings = {
				ALWAYS_EMBED_SWIFT_STANDARD_LIBRARIES = YES;
				BUNDLE_LOADER = "$(TEST_HOST)";
				CODE_SIGN_STYLE = Automatic;
				DEVELOPMENT_TEAM = THR6D6P7GG;
				INFOPLIST_FILE = SimpleProjectTests/Info.plist;
				LD_RUNPATH_SEARCH_PATHS = "$(inherited) @executable_path/Frameworks @loader_path/Frameworks";
				PRODUCT_BUNDLE_IDENTIFIER = com.gaia.SimpleProjectTests;
				PRODUCT_NAME = "$(TARGET_NAME)";
				SWIFT_VERSION = 4.0;
				TARGETED_DEVICE_FAMILY = "1,2";
				TEST_HOST = "$(BUILT_PRODUCTS_DIR)/SimpleProject.app/SimpleProject";
			};
			name = Debug;
		};
		6B0D1C971FBC9CCE00D9C1DD /* Release */ = {
			isa = XCBuildConfiguration;
			buildSettings = {
				ALWAYS_EMBED_SWIFT_STANDARD_LIBRARIES = YES;
				BUNDLE_LOADER = "$(TEST_HOST)";
				CODE_SIGN_STYLE = Automatic;
				DEVELOPMENT_TEAM = THR6D6P7GG;
				INFOPLIST_FILE = SimpleProjectTests/Info.plist;
				LD_RUNPATH_SEARCH_PATHS = "$(inherited) @executable_path/Frameworks @loader_path/Frameworks";
				PRODUCT_BUNDLE_IDENTIFIER = com.gaia.SimpleProjectTests;
				PRODUCT_NAME = "$(TARGET_NAME)";
				SWIFT_VERSION = 4.0;
				TARGETED_DEVICE_FAMILY = "1,2";
				TEST_HOST = "$(BUILT_PRODUCTS_DIR)/SimpleProject.app/SimpleProject";
			};
			name = Release;
		};
		6B0D1C991FBC9CCE00D9C1DD /* Debug */ = {
			isa = XCBuildConfiguration;
			baseConfigurationReference = A97BAABFB1A73A88408483C7 /* Pods-SimpleProjectUITests.debug.xcconfig */;
			buildSettings = {
				ALWAYS_EMBED_SWIFT_STANDARD_LIBRARIES = YES;
				CLANG_ENABLE_MODULES = YES;
				CODE_SIGN_STYLE = Automatic;
				DEBUG_INFORMATION_FORMAT = "dwarf-with-dsym";
				DEVELOPMENT_TEAM = THR6D6P7GG;
				INFOPLIST_FILE = SimpleProjectUITests/Info.plist;
				LD_RUNPATH_SEARCH_PATHS = "$(inherited) @executable_path/Frameworks @loader_path/Frameworks";
				PRODUCT_BUNDLE_IDENTIFIER = com.gaia.SimpleProjectUITests;
				PRODUCT_NAME = "$(TARGET_NAME)";
				SWIFT_OPTIMIZATION_LEVEL = "-Onone";
				SWIFT_VERSION = 4.0;
				TARGETED_DEVICE_FAMILY = "1,2";
				TEST_TARGET_NAME = SimpleProject;
			};
			name = Debug;
		};
		6B0D1C9A1FBC9CCE00D9C1DD /* Release */ = {
			isa = XCBuildConfiguration;
			baseConfigurationReference = 1808C6E4A9EA7388E812E57A /* Pods-SimpleProjectUITests.release.xcconfig */;
			buildSettings = {
				ALWAYS_EMBED_SWIFT_STANDARD_LIBRARIES = YES;
				CLANG_ENABLE_MODULES = YES;
				CODE_SIGN_STYLE = Automatic;
				DEBUG_INFORMATION_FORMAT = "dwarf-with-dsym";
				DEVELOPMENT_TEAM = THR6D6P7GG;
				INFOPLIST_FILE = SimpleProjectUITests/Info.plist;
				LD_RUNPATH_SEARCH_PATHS = "$(inherited) @executable_path/Frameworks @loader_path/Frameworks";
				PRODUCT_BUNDLE_IDENTIFIER = com.gaia.SimpleProjectUITests;
				PRODUCT_NAME = "$(TARGET_NAME)";
				SWIFT_VERSION = 4.0;
				TARGETED_DEVICE_FAMILY = "1,2";
				TEST_TARGET_NAME = SimpleProject;
			};
			name = Release;
		};
/* End XCBuildConfiguration section */

/* Begin XCConfigurationList section */
		6B0D1C651FBC9CCD00D9C1DD /* Build configuration list for PBXProject "SimpleProject" */ = {
			isa = XCConfigurationList;
			buildConfigurations = (
				6B0D1C901FBC9CCE00D9C1DD /* Debug */,
				6B0D1C911FBC9CCE00D9C1DD /* Release */,
			);
			defaultConfigurationIsVisible = 0;
			defaultConfigurationName = Release;
		};
		6B0D1C921FBC9CCE00D9C1DD /* Build configuration list for PBXNativeTarget "SimpleProject" */ = {
			isa = XCConfigurationList;
			buildConfigurations = (
				6B0D1C931FBC9CCE00D9C1DD /* Debug */,
				6B0D1C941FBC9CCE00D9C1DD /* Release */,
			);
			defaultConfigurationIsVisible = 0;
			defaultConfigurationName = Release;
		};
		6B0D1C951FBC9CCE00D9C1DD /* Build configuration list for PBXNativeTarget "SimpleProjectTests" */ = {
			isa = XCConfigurationList;
			buildConfigurations = (
				6B0D1C961FBC9CCE00D9C1DD /* Debug */,
				6B0D1C971FBC9CCE00D9C1DD /* Release */,
			);
			defaultConfigurationIsVisible = 0;
			defaultConfigurationName = Release;
		};
		6B0D1C981FBC9CCE00D9C1DD /* Build configuration list for PBXNativeTarget "SimpleProjectUITests" */ = {
			isa = XCConfigurationList;
			buildConfigurations = (
				6B0D1C991FBC9CCE00D9C1DD /* Debug */,
				6B0D1C9A1FBC9CCE00D9C1DD /* Release */,
			);
			defaultConfigurationIsVisible = 0;
			defaultConfigurationName = Release;
		};
/* End XCConfigurationList section */
	};
	rootObject = 6B0D1C621FBC9CCD00D9C1DD /* Project object */;
}
